github.com/mattn/go-colorable v0.1.12 h1:jF+Du6AlPIjs2BiUiQlKOX0rt3SujHxPnksPKZbaA40=
github.com/mattn/go-colorable v0.1.12/go.mod h1:u5H1YNBxpqRaxsYJYSkiCWKzEfiAb1Gb520KVy5xxl4=
github.com/mattn/go-isatty v0.0.14 h1:yVuAays6BHfxijgZPzw+3Zlu5yQgKGP2/hcQbHb7S9Y=
github.com/mattn/go-isatty v0.0.14/go.mod h1:7GGIvUiUoEMVVmxf/4nioHXj79iQHKdU27kJ6hsGG94=
github.com/pschlump/ansi v1.0.1 h1:NR7hBOgTV/shQwzwLmk4X/bVoUzvyIrwlB5k8wWnl7A=
github.com/pschlump/ansi v1.0.1/go.mod h1:dwr2CQhjyMjSNA9wpCOux2+MhQiqoelfvBKkTYNBNuA=
github.com/pschlump/dbgo v1.0.6 h1:l06MgeEXav4Px7koDZdtIXY4FUmVf8ecpXyOubCgNAc=
github.com/pschlump/dbgo v1.0.6/go.mod h1:331fyL7CL32ataZ1K/tQk5t1anNj58QXt5kTe0PwmkI=
github.com/pschlump/filelib v1.0.6 h1:KJdAoE+5ovlpHrfs4CTGJDXmHCEyGK+sx3CKmBajgDw=
github.com/pschlump/filelib v1.0.6/go.mod h1:CxEa7t6Y1lukm2ar5iMbm1imu8fN4V52tgrWtXUqd1g=
github.com/pschlump/json v1.12.0 h1:PjkeVEgEUg+vkHC8CfeXIG4fChev3a7gjl9wYrTnPIE=
github.com/pschlump/json v1.12.0/go.mod h1:MyeKNxcsYS/AaCqIp6DgPdaE/4NVH49OJVCnQsRoevI=
github.com/pschlump/qr-secret v0.0.1 h1:ZHgrYJcu0bVcSZK40X583kSkKBG+habznM1m2j8XpMc=
github.com/pschlump/qr-secret v0.0.1/go.mod h1:RwA55p9jPQu2ILl3Lu2E1kxMzoSD4MNq376UPFob5pM=
golang.org/x/sys v0.0.0-20210630005230-0f9fa26af87c/go.mod h1:oPkhp1MJrh7nUepCBck5+mAzfO9JrbApNNgaTdGDITg=
golang.org/x/sys v0.0.0-20210927094055-39ccf1dd6fa6/go.mod h1:oPkhp1MJrh7nUepCBck5+mAzfO9JrbApNNgaTdGDITg=
golang.org/x/sys v0.0.0-20211216021012-1d35b9e2eb4e h1:fLOSk5Q00efkSvAm+4xcoXD+RRmLmmulPn5I3Y9F2EM=
golang.org/x/sys v0.0.0-20211216021012-1d35b9e2eb4e/go.mod h1:oPkhp1MJrh7nUepCBck5+mAzfO9JrbApNNgaTdGDITg=
golang.org/x/term v0.0.0-20220722155259-a9ba230a4035 h1:Q5284mrmYTpACcm+eAKjKJH48BBwSyfJqmmGDTtT8Vc=
golang.org/x/term v0.0.0-20220722155259-a9ba230a4035/go.mod h1:jbD1KX2456YbFQfuXm/mYQcufACuNUgVhRMnK/tPxf8=
